
Microsoft Visual Studio Solution File, Format Version 12.00
# Visual Studio Version 17
VisualStudioVersion = 17.4.33213.308
MinimumVisualStudioVersion = 10.0.40219.1
Project("{FAE04EC0-301F-11D3-BF4B-00C04F79EFBC}") = "委托delegate", "委托delegate\委托delegate.csproj", "{32C287B1-B64E-426E-84A4-CADBF2737899}"
EndProject
Global
	GlobalSection(SolutionConfigurationPlatforms) = preSolution
		Debug|Any CPU = Debug|Any CPU
		Release|Any CPU = Release|Any CPU
	EndGlobalSection
	GlobalSection(ProjectConfigurationPlatforms) = postSolution
		{32C287B1-B64E-426E-84A4-CADBF2737899}.Debug|Any CPU.ActiveCfg = Debug|Any CPU
		{32C287B1-B64E-426E-84A4-CADBF2737899}.Debug|Any CPU.Build.0 = Debug|Any CPU
		{32C287B1-B64E-426E-84A4-CADBF2737899}.Release|Any CPU.ActiveCfg = Release|Any CPU
		{32C287B1-B64E-426E-84A4-CADBF2737899}.Release|Any CPU.Build.0 = Release|Any CPU
	EndGlobalSection
	GlobalSection(SolutionProperties) = preSolution
		HideSolutionNode = FALSE
	EndGlobalSection
	GlobalSection(ExtensibilityGlobals) = postSolution
		SolutionGuid = {2A3C1E3E-1DF9-4A6C-879F-E2318037A13C}
	EndGlobalSection
EndGlobal
