
Microsoft Visual Studio Solution File, Format Version 12.00
# Visual Studio Version 17
VisualStudioVersion = 17.4.33213.308
MinimumVisualStudioVersion = 10.0.40219.1
Project("{FAE04EC0-301F-11D3-BF4B-00C04F79EFBC}") = "泛型双向链表", "泛型双向链表\泛型双向链表.csproj", "{740499FF-64FC-4B5E-A45A-DDC68B073876}"
EndProject
Global
	GlobalSection(SolutionConfigurationPlatforms) = preSolution
		Debug|Any CPU = Debug|Any CPU
		Release|Any CPU = Release|Any CPU
	EndGlobalSection
	GlobalSection(ProjectConfigurationPlatforms) = postSolution
		{740499FF-64FC-4B5E-A45A-DDC68B073876}.Debug|Any CPU.ActiveCfg = Debug|Any CPU
		{740499FF-64FC-4B5E-A45A-DDC68B073876}.Debug|Any CPU.Build.0 = Debug|Any CPU
		{740499FF-64FC-4B5E-A45A-DDC68B073876}.Release|Any CPU.ActiveCfg = Release|Any CPU
		{740499FF-64FC-4B5E-A45A-DDC68B073876}.Release|Any CPU.Build.0 = Release|Any CPU
	EndGlobalSection
	GlobalSection(SolutionProperties) = preSolution
		HideSolutionNode = FALSE
	EndGlobalSection
	GlobalSection(ExtensibilityGlobals) = postSolution
		SolutionGuid = {112E691C-B6CD-4119-A63A-6E18EFD3A8CC}
	EndGlobalSection
EndGlobal
