
Microsoft Visual Studio Solution File, Format Version 12.00
# Visual Studio Version 17
VisualStudioVersion = 17.4.33213.308
MinimumVisualStudioVersion = 10.0.40219.1
Project("{FAE04EC0-301F-11D3-BF4B-00C04F79EFBC}") = "事件", "event\事件.csproj", "{6531D317-A286-4AA2-858E-66B6D84C8DDD}"
EndProject
Global
	GlobalSection(SolutionConfigurationPlatforms) = preSolution
		Debug|Any CPU = Debug|Any CPU
		Release|Any CPU = Release|Any CPU
	EndGlobalSection
	GlobalSection(ProjectConfigurationPlatforms) = postSolution
		{6531D317-A286-4AA2-858E-66B6D84C8DDD}.Debug|Any CPU.ActiveCfg = Debug|Any CPU
		{6531D317-A286-4AA2-858E-66B6D84C8DDD}.Debug|Any CPU.Build.0 = Debug|Any CPU
		{6531D317-A286-4AA2-858E-66B6D84C8DDD}.Release|Any CPU.ActiveCfg = Release|Any CPU
		{6531D317-A286-4AA2-858E-66B6D84C8DDD}.Release|Any CPU.Build.0 = Release|Any CPU
	EndGlobalSection
	GlobalSection(SolutionProperties) = preSolution
		HideSolutionNode = FALSE
	EndGlobalSection
	GlobalSection(ExtensibilityGlobals) = postSolution
		SolutionGuid = {2850F1F7-2A2C-4497-8D91-1A9BF1878D21}
	EndGlobalSection
EndGlobal
